{
    "name": "@objj/jake",
    "version": "1.1.5",
    "lockfileVersion": 1,
    "requires": true,
    "dependencies": {
        "@objj/jake": {
            "version": "file:",
            "dev": true,
            "requires": {
                "@objj/utils": "^1.0.24"
            }
        },
        "@objj/utils": {
            "version": "1.0.24",
            "resolved": "https://registry.npmjs.org/@objj/utils/-/utils-1.0.24.tgz",
            "integrity": "sha512-KzthoKXSs3LcWDWfl27p/rOCoejcxyy/4DgbacjcxiowJJXa+QMmIsjZ/fcg9lcn13jL0gB4c1x1kGPfrrsZPw=="
        }
    }
}
